
Microsoft Visual Studio Solution File, Format Version 12.00
# Visual Studio 15
Project("{FAE04EC0-301F-11D3-BF4B-00C04F79EFBC}") = "HotelAppLibrary", "HotelAppLibrary.csproj", "{C46625D4-868B-4F70-968A-4D3314475D1D}"
EndProject
Project("{FAE04EC0-301F-11D3-BF4B-00C04F79EFBC}") = "HotelApp.Web", "..\HotelApp.Web\HotelApp.Web.csproj", "{3F523164-2A16-4DE0-9F2F-2375FE3B9031}"
EndProject
Project("{FAE04EC0-301F-11D3-BF4B-00C04F79EFBC}") = "HotelApp.Blazor", "..\HotelApp.Blazor\HotelApp.Blazor.csproj", "{1F9A1561-D004-4CD8-8B68-492C3CD6D318}"
EndProject
Global
	GlobalSection(SolutionConfigurationPlatforms) = preSolution
		Debug|Any CPU = Debug|Any CPU
		Release|Any CPU = Release|Any CPU
	EndGlobalSection
	GlobalSection(ProjectConfigurationPlatforms) = postSolution
		{C46625D4-868B-4F70-968A-4D3314475D1D}.Debug|Any CPU.ActiveCfg = Debug|Any CPU
		{C46625D4-868B-4F70-968A-4D3314475D1D}.Debug|Any CPU.Build.0 = Debug|Any CPU
		{C46625D4-868B-4F70-968A-4D3314475D1D}.Release|Any CPU.ActiveCfg = Release|Any CPU
		{C46625D4-868B-4F70-968A-4D3314475D1D}.Release|Any CPU.Build.0 = Release|Any CPU
		{3F523164-2A16-4DE0-9F2F-2375FE3B9031}.Debug|Any CPU.ActiveCfg = Debug|Any CPU
		{3F523164-2A16-4DE0-9F2F-2375FE3B9031}.Debug|Any CPU.Build.0 = Debug|Any CPU
		{3F523164-2A16-4DE0-9F2F-2375FE3B9031}.Release|Any CPU.ActiveCfg = Release|Any CPU
		{3F523164-2A16-4DE0-9F2F-2375FE3B9031}.Release|Any CPU.Build.0 = Release|Any CPU
		{1F9A1561-D004-4CD8-8B68-492C3CD6D318}.Debug|Any CPU.ActiveCfg = Debug|Any CPU
		{1F9A1561-D004-4CD8-8B68-492C3CD6D318}.Debug|Any CPU.Build.0 = Debug|Any CPU
		{1F9A1561-D004-4CD8-8B68-492C3CD6D318}.Release|Any CPU.ActiveCfg = Release|Any CPU
		{1F9A1561-D004-4CD8-8B68-492C3CD6D318}.Release|Any CPU.Build.0 = Release|Any CPU
	EndGlobalSection
EndGlobal
