
Microsoft Visual Studio Solution File, Format Version 12.00
# Visual Studio 15
Project("{FAE04EC0-301F-11D3-BF4B-00C04F79EFBC}") = "HotelAppLibrary", "HotelAppLibrary.csproj", "{C46625D4-868B-4F70-968A-4D3314475D1D}"
EndProject
Project("{FAE04EC0-301F-11D3-BF4B-00C04F79EFBC}") = "HotelApp.Web", "..\HotelApp.Web\HotelApp.Web.csproj", "{3F523164-2A16-4DE0-9F2F-2375FE3B9031}"
EndProject
Project("{FAE04EC0-301F-11D3-BF4B-00C04F79EFBC}") = "HotelApp.Server", "..\HotelApp.Server\HotelApp.Server\HotelApp.Server.csproj", "{88DA882B-9E1D-431A-B327-3F599004BF9F}"
EndProject
Project("{FAE04EC0-301F-11D3-BF4B-00C04F79EFBC}") = "HotelApp.BlazorWA.Server", "..\HotelApp.BlazorWA\Server\HotelApp.BlazorWA.Server.csproj", "{1067968A-24E7-40BF-9A56-1846C7268A8F}"
EndProject
Project("{FAE04EC0-301F-11D3-BF4B-00C04F79EFBC}") = "HotelApp.BlazorWA.Client", "..\HotelApp.BlazorWA\Client\HotelApp.BlazorWA.Client.csproj", "{F87F5AFE-5882-47C8-A20F-B7990C5DE654}"
EndProject
Project("{FAE04EC0-301F-11D3-BF4B-00C04F79EFBC}") = "HotelApp.BlazorWA.Shared", "..\HotelApp.BlazorWA\Shared\HotelApp.BlazorWA.Shared.csproj", "{681CC0F0-C485-403B-9AB0-FCCFC59DC91E}"
EndProject
Global
	GlobalSection(SolutionConfigurationPlatforms) = preSolution
		Debug|Any CPU = Debug|Any CPU
		Release|Any CPU = Release|Any CPU
	EndGlobalSection
	GlobalSection(ProjectConfigurationPlatforms) = postSolution
		{C46625D4-868B-4F70-968A-4D3314475D1D}.Debug|Any CPU.ActiveCfg = Debug|Any CPU
		{C46625D4-868B-4F70-968A-4D3314475D1D}.Debug|Any CPU.Build.0 = Debug|Any CPU
		{C46625D4-868B-4F70-968A-4D3314475D1D}.Release|Any CPU.ActiveCfg = Release|Any CPU
		{C46625D4-868B-4F70-968A-4D3314475D1D}.Release|Any CPU.Build.0 = Release|Any CPU
		{3F523164-2A16-4DE0-9F2F-2375FE3B9031}.Debug|Any CPU.ActiveCfg = Debug|Any CPU
		{3F523164-2A16-4DE0-9F2F-2375FE3B9031}.Debug|Any CPU.Build.0 = Debug|Any CPU
		{3F523164-2A16-4DE0-9F2F-2375FE3B9031}.Release|Any CPU.ActiveCfg = Release|Any CPU
		{3F523164-2A16-4DE0-9F2F-2375FE3B9031}.Release|Any CPU.Build.0 = Release|Any CPU
		{88DA882B-9E1D-431A-B327-3F599004BF9F}.Debug|Any CPU.ActiveCfg = Debug|Any CPU
		{88DA882B-9E1D-431A-B327-3F599004BF9F}.Debug|Any CPU.Build.0 = Debug|Any CPU
		{88DA882B-9E1D-431A-B327-3F599004BF9F}.Release|Any CPU.ActiveCfg = Release|Any CPU
		{88DA882B-9E1D-431A-B327-3F599004BF9F}.Release|Any CPU.Build.0 = Release|Any CPU
		{1067968A-24E7-40BF-9A56-1846C7268A8F}.Debug|Any CPU.ActiveCfg = Debug|Any CPU
		{1067968A-24E7-40BF-9A56-1846C7268A8F}.Debug|Any CPU.Build.0 = Debug|Any CPU
		{1067968A-24E7-40BF-9A56-1846C7268A8F}.Release|Any CPU.ActiveCfg = Release|Any CPU
		{1067968A-24E7-40BF-9A56-1846C7268A8F}.Release|Any CPU.Build.0 = Release|Any CPU
		{F87F5AFE-5882-47C8-A20F-B7990C5DE654}.Debug|Any CPU.ActiveCfg = Debug|Any CPU
		{F87F5AFE-5882-47C8-A20F-B7990C5DE654}.Debug|Any CPU.Build.0 = Debug|Any CPU
		{F87F5AFE-5882-47C8-A20F-B7990C5DE654}.Release|Any CPU.ActiveCfg = Release|Any CPU
		{F87F5AFE-5882-47C8-A20F-B7990C5DE654}.Release|Any CPU.Build.0 = Release|Any CPU
		{681CC0F0-C485-403B-9AB0-FCCFC59DC91E}.Debug|Any CPU.ActiveCfg = Debug|Any CPU
		{681CC0F0-C485-403B-9AB0-FCCFC59DC91E}.Debug|Any CPU.Build.0 = Debug|Any CPU
		{681CC0F0-C485-403B-9AB0-FCCFC59DC91E}.Release|Any CPU.ActiveCfg = Release|Any CPU
		{681CC0F0-C485-403B-9AB0-FCCFC59DC91E}.Release|Any CPU.Build.0 = Release|Any CPU
	EndGlobalSection
EndGlobal
